<?xml version="1.0" encoding="utf-8"?>
<Project ToolsVersion="17.0" xmlns="http://schemas.microsoft.com/developer/msbuild/2003">
  <ItemGroup>
    <ClCompile Include="C:\Users\bgris\CLionProjects\Glacier-Guides\resources\main.cpp">
      <Filter>Source Files</Filter>
    </ClCompile>
  </ItemGroup>
  <ItemGroup>
    <CustomBuild Include="C:\Users\bgris\CLionProjects\Glacier-Guides\CMakeLists.txt" />
  </ItemGroup>
  <ItemGroup>
    <Filter Include="Source Files">
      <UniqueIdentifier>{BAEA2B04-E929-3F3B-BDB1-D178DAC58AC2}</UniqueIdentifier>
    </Filter>
  </ItemGroup>
</Project>
